
Microsoft Visual Studio Solution File, Format Version 12.00
# Visual Studio Version 17
VisualStudioVersion = 17.5.33414.496
MinimumVisualStudioVersion = 10.0.40219.1
Project("{2150E333-8FDC-42A3-9474-1A3956D46DE8}") = "FrontEnd", "FrontEnd", "{A676D1A0-5646-47CB-BF48-964A41BC2C70}"
EndProject
Project("{2150E333-8FDC-42A3-9474-1A3956D46DE8}") = "Services", "Services", "{1004DC85-A8B6-48D3-9034-1B4A971CCF15}"
EndProject
Project("{FAE04EC0-301F-11D3-BF4B-00C04F79EFBC}") = "GeekShopping.Web", "GeekShopping.Web\GeekShopping.Web.csproj", "{7BDCCE2A-E407-4155-8F10-D849437B541F}"
EndProject
Project("{FAE04EC0-301F-11D3-BF4B-00C04F79EFBC}") = "GeekShopping.ProductAPI", "GeekShopping.ProductAPI\GeekShopping.ProductAPI.csproj", "{FA38AABC-F85D-449C-8E72-6CDC559AA23D}"
EndProject
Global
	GlobalSection(SolutionConfigurationPlatforms) = preSolution
		Debug|Any CPU = Debug|Any CPU
		Release|Any CPU = Release|Any CPU
	EndGlobalSection
	GlobalSection(ProjectConfigurationPlatforms) = postSolution
		{7BDCCE2A-E407-4155-8F10-D849437B541F}.Debug|Any CPU.ActiveCfg = Debug|Any CPU
		{7BDCCE2A-E407-4155-8F10-D849437B541F}.Debug|Any CPU.Build.0 = Debug|Any CPU
		{7BDCCE2A-E407-4155-8F10-D849437B541F}.Release|Any CPU.ActiveCfg = Release|Any CPU
		{7BDCCE2A-E407-4155-8F10-D849437B541F}.Release|Any CPU.Build.0 = Release|Any CPU
		{FA38AABC-F85D-449C-8E72-6CDC559AA23D}.Debug|Any CPU.ActiveCfg = Debug|Any CPU
		{FA38AABC-F85D-449C-8E72-6CDC559AA23D}.Debug|Any CPU.Build.0 = Debug|Any CPU
		{FA38AABC-F85D-449C-8E72-6CDC559AA23D}.Release|Any CPU.ActiveCfg = Release|Any CPU
		{FA38AABC-F85D-449C-8E72-6CDC559AA23D}.Release|Any CPU.Build.0 = Release|Any CPU
	EndGlobalSection
	GlobalSection(SolutionProperties) = preSolution
		HideSolutionNode = FALSE
	EndGlobalSection
	GlobalSection(NestedProjects) = preSolution
		{7BDCCE2A-E407-4155-8F10-D849437B541F} = {A676D1A0-5646-47CB-BF48-964A41BC2C70}
		{FA38AABC-F85D-449C-8E72-6CDC559AA23D} = {1004DC85-A8B6-48D3-9034-1B4A971CCF15}
	EndGlobalSection
	GlobalSection(ExtensibilityGlobals) = postSolution
		SolutionGuid = {BE453E89-93F2-4F75-B580-9AB965C64C17}
	EndGlobalSection
EndGlobal
